// !$*UTF8*$!
{
	archiveVersion = 1;
	classes = {
	};
	objectVersion = 56;
	objects = {

/* Begin PBXBuildFile section */
		4EDB119A2AD3F24A00F588AC /* AppDelegate.swift in Sources */ = {isa = PBXBuildFile; fileRef = 4EDB11992AD3F24A00F588AC /* AppDelegate.swift */; };
		4EDB119C2AD3F24A00F588AC /* SceneDelegate.swift in Sources */ = {isa = PBXBuildFile; fileRef = 4EDB119B2AD3F24A00F588AC /* SceneDelegate.swift */; };
		4EDB119E2AD3F24A00F588AC /* ViewController.swift in Sources */ = {isa = PBXBuildFile; fileRef = 4EDB119D2AD3F24A00F588AC /* ViewController.swift */; };
		4EDB11A12AD3F24A00F588AC /* Main.storyboard in Resources */ = {isa = PBXBuildFile; fileRef = 4EDB119F2AD3F24A00F588AC /* Main.storyboard */; };
		4EDB11A32AD3F24B00F588AC /* Assets.xcassets in Resources */ = {isa = PBXBuildFile; fileRef = 4EDB11A22AD3F24B00F588AC /* Assets.xcassets */; };
		4EDB11A62AD3F24B00F588AC /* LaunchScreen.storyboard in Resources */ = {isa = PBXBuildFile; fileRef = 4EDB11A42AD3F24B00F588AC /* LaunchScreen.storyboard */; };
		4EDB11B12AD3F24B00F588AC /* Swift_App_Idea_And_Prototyping_With_StoryboardsTests.swift in Sources */ = {isa = PBXBuildFile; fileRef = 4EDB11B02AD3F24B00F588AC /* Swift_App_Idea_And_Prototyping_With_StoryboardsTests.swift */; };
		4EDB11BB2AD3F24B00F588AC /* Swift_App_Idea_And_Prototyping_With_StoryboardsUITests.swift in Sources */ = {isa = PBXBuildFile; fileRef = 4EDB11BA2AD3F24B00F588AC /* Swift_App_Idea_And_Prototyping_With_StoryboardsUITests.swift */; };
		4EDB11BD2AD3F24B00F588AC /* Swift_App_Idea_And_Prototyping_With_StoryboardsUITestsLaunchTests.swift in Sources */ = {isa = PBXBuildFile; fileRef = 4EDB11BC2AD3F24B00F588AC /* Swift_App_Idea_And_Prototyping_With_StoryboardsUITestsLaunchTests.swift */; };
/* End PBXBuildFile section */

/* Begin PBXContainerItemProxy section */
		4EDB11AD2AD3F24B00F588AC /* PBXContainerItemProxy */ = {
			isa = PBXContainerItemProxy;
			containerPortal = 4EDB118E2AD3F24A00F588AC /* Project object */;
			proxyType = 1;
			remoteGlobalIDString = 4EDB11952AD3F24A00F588AC;
			remoteInfo = "Swift-App-Idea-And-Prototyping-With-Storyboards";
		};
		4EDB11B72AD3F24B00F588AC /* PBXContainerItemProxy */ = {
			isa = PBXContainerItemProxy;
			containerPortal = 4EDB118E2AD3F24A00F588AC /* Project object */;
			proxyType = 1;
			remoteGlobalIDString = 4EDB11952AD3F24A00F588AC;
			remoteInfo = "Swift-App-Idea-And-Prototyping-With-Storyboards";
		};
/* End PBXContainerItemProxy section */

/* Begin PBXFileReference section */
		4EDB11962AD3F24A00F588AC /* Swift-App-Idea-And-Prototyping-With-Storyboards.app */ = {isa = PBXFileReference; explicitFileType = wrapper.application; includeInIndex = 0; path = "Swift-App-Idea-And-Prototyping-With-Storyboards.app"; sourceTree = BUILT_PRODUCTS_DIR; };
		4EDB11992AD3F24A00F588AC /* AppDelegate.swift */ = {isa = PBXFileReference; lastKnownFileType = sourcecode.swift; path = AppDelegate.swift; sourceTree = "<group>"; };
		4EDB119B2AD3F24A00F588AC /* SceneDelegate.swift */ = {isa = PBXFileReference; lastKnownFileType = sourcecode.swift; path = SceneDelegate.swift; sourceTree = "<group>"; };
		4EDB119D2AD3F24A00F588AC /* ViewController.swift */ = {isa = PBXFileReference; lastKnownFileType = sourcecode.swift; path = ViewController.swift; sourceTree = "<group>"; };
		4EDB11A02AD3F24A00F588AC /* Base */ = {isa = PBXFileReference; lastKnownFileType = file.storyboard; name = Base; path = Base.lproj/Main.storyboard; sourceTree = "<group>"; };
		4EDB11A22AD3F24B00F588AC /* Assets.xcassets */ = {isa = PBXFileReference; lastKnownFileType = folder.assetcatalog; path = Assets.xcassets; sourceTree = "<group>"; };
		4EDB11A52AD3F24B00F588AC /* Base */ = {isa = PBXFileReference; lastKnownFileType = file.storyboard; name = Base; path = Base.lproj/LaunchScreen.storyboard; sourceTree = "<group>"; };
		4EDB11A72AD3F24B00F588AC /* Info.plist */ = {isa = PBXFileReference; lastKnownFileType = text.plist.xml; path = Info.plist; sourceTree = "<group>"; };
		4EDB11AC2AD3F24B00F588AC /* Swift-App-Idea-And-Prototyping-With-StoryboardsTests.xctest */ = {isa = PBXFileReference; explicitFileType = wrapper.cfbundle; includeInIndex = 0; path = "Swift-App-Idea-And-Prototyping-With-StoryboardsTests.xctest"; sourceTree = BUILT_PRODUCTS_DIR; };
		4EDB11B02AD3F24B00F588AC /* Swift_App_Idea_And_Prototyping_With_StoryboardsTests.swift */ = {isa = PBXFileReference; lastKnownFileType = sourcecode.swift; path = Swift_App_Idea_And_Prototyping_With_StoryboardsTests.swift; sourceTree = "<group>"; };
		4EDB11B62AD3F24B00F588AC /* Swift-App-Idea-And-Prototyping-With-StoryboardsUITests.xctest */ = {isa = PBXFileReference; explicitFileType = wrapper.cfbundle; includeInIndex = 0; path = "Swift-App-Idea-And-Prototyping-With-StoryboardsUITests.xctest"; sourceTree = BUILT_PRODUCTS_DIR; };
		4EDB11BA2AD3F24B00F588AC /* Swift_App_Idea_And_Prototyping_With_StoryboardsUITests.swift */ = {isa = PBXFileReference; lastKnownFileType = sourcecode.swift; path = Swift_App_Idea_And_Prototyping_With_StoryboardsUITests.swift; sourceTree = "<group>"; };
		4EDB11BC2AD3F24B00F588AC /* Swift_App_Idea_And_Prototyping_With_StoryboardsUITestsLaunchTests.swift */ = {isa = PBXFileReference; lastKnownFileType = sourcecode.swift; path = Swift_App_Idea_And_Prototyping_With_StoryboardsUITestsLaunchTests.swift; sourceTree = "<group>"; };
/* End PBXFileReference section */

/* Begin PBXFrameworksBuildPhase section */
		4EDB11932AD3F24A00F588AC /* Frameworks */ = {
			isa = PBXFrameworksBuildPhase;
			buildActionMask = 2147483647;
			files = (
			);
			runOnlyForDeploymentPostprocessing = 0;
		};
		4EDB11A92AD3F24B00F588AC /* Frameworks */ = {
			isa = PBXFrameworksBuildPhase;
			buildActionMask = 2147483647;
			files = (
			);
			runOnlyForDeploymentPostprocessing = 0;
		};
		4EDB11B32AD3F24B00F588AC /* Frameworks */ = {
			isa = PBXFrameworksBuildPhase;
			buildActionMask = 2147483647;
			files = (
			);
			runOnlyForDeploymentPostprocessing = 0;
		};
/* End PBXFrameworksBuildPhase section */

/* Begin PBXGroup section */
		4EDB118D2AD3F24A00F588AC = {
			isa = PBXGroup;
			children = (
				4EDB11982AD3F24A00F588AC /* Swift-App-Idea-And-Prototyping-With-Storyboards */,
				4EDB11AF2AD3F24B00F588AC /* Swift-App-Idea-And-Prototyping-With-StoryboardsTests */,
				4EDB11B92AD3F24B00F588AC /* Swift-App-Idea-And-Prototyping-With-StoryboardsUITests */,
				4EDB11972AD3F24A00F588AC /* Products */,
			);
			sourceTree = "<group>";
		};
		4EDB11972AD3F24A00F588AC /* Products */ = {
			isa = PBXGroup;
			children = (
				4EDB11962AD3F24A00F588AC /* Swift-App-Idea-And-Prototyping-With-Storyboards.app */,
				4EDB11AC2AD3F24B00F588AC /* Swift-App-Idea-And-Prototyping-With-StoryboardsTests.xctest */,
				4EDB11B62AD3F24B00F588AC /* Swift-App-Idea-And-Prototyping-With-StoryboardsUITests.xctest */,
			);
			name = Products;
			sourceTree = "<group>";
		};
		4EDB11982AD3F24A00F588AC /* Swift-App-Idea-And-Prototyping-With-Storyboards */ = {
			isa = PBXGroup;
			children = (
				4EDB11992AD3F24A00F588AC /* AppDelegate.swift */,
				4EDB119B2AD3F24A00F588AC /* SceneDelegate.swift */,
				4EDB119D2AD3F24A00F588AC /* ViewController.swift */,
				4EDB119F2AD3F24A00F588AC /* Main.storyboard */,
				4EDB11A22AD3F24B00F588AC /* Assets.xcassets */,
				4EDB11A42AD3F24B00F588AC /* LaunchScreen.storyboard */,
				4EDB11A72AD3F24B00F588AC /* Info.plist */,
			);
			path = "Swift-App-Idea-And-Prototyping-With-Storyboards";
			sourceTree = "<group>";
		};
		4EDB11AF2AD3F24B00F588AC /* Swift-App-Idea-And-Prototyping-With-StoryboardsTests */ = {
			isa = PBXGroup;
			children = (
				4EDB11B02AD3F24B00F588AC /* Swift_App_Idea_And_Prototyping_With_StoryboardsTests.swift */,
			);
			path = "Swift-App-Idea-And-Prototyping-With-StoryboardsTests";
			sourceTree = "<group>";
		};
		4EDB11B92AD3F24B00F588AC /* Swift-App-Idea-And-Prototyping-With-StoryboardsUITests */ = {
			isa = PBXGroup;
			children = (
				4EDB11BA2AD3F24B00F588AC /* Swift_App_Idea_And_Prototyping_With_StoryboardsUITests.swift */,
				4EDB11BC2AD3F24B00F588AC /* Swift_App_Idea_And_Prototyping_With_StoryboardsUITestsLaunchTests.swift */,
			);
			path = "Swift-App-Idea-And-Prototyping-With-StoryboardsUITests";
			sourceTree = "<group>";
		};
/* End PBXGroup section */

/* Begin PBXNativeTarget section */
		4EDB11952AD3F24A00F588AC /* Swift-App-Idea-And-Prototyping-With-Storyboards */ = {
			isa = PBXNativeTarget;
			buildConfigurationList = 4EDB11C02AD3F24B00F588AC /* Build configuration list for PBXNativeTarget "Swift-App-Idea-And-Prototyping-With-Storyboards" */;
			buildPhases = (
				4EDB11922AD3F24A00F588AC /* Sources */,
				4EDB11932AD3F24A00F588AC /* Frameworks */,
				4EDB11942AD3F24A00F588AC /* Resources */,
			);
			buildRules = (
			);
			dependencies = (
			);
			name = "Swift-App-Idea-And-Prototyping-With-Storyboards";
			productName = "Swift-App-Idea-And-Prototyping-With-Storyboards";
			productReference = 4EDB11962AD3F24A00F588AC /* Swift-App-Idea-And-Prototyping-With-Storyboards.app */;
			productType = "com.apple.product-type.application";
		};
		4EDB11AB2AD3F24B00F588AC /* Swift-App-Idea-And-Prototyping-With-StoryboardsTests */ = {
			isa = PBXNativeTarget;
			buildConfigurationList = 4EDB11C32AD3F24B00F588AC /* Build configuration list for PBXNativeTarget "Swift-App-Idea-And-Prototyping-With-StoryboardsTests" */;
			buildPhases = (
				4EDB11A82AD3F24B00F588AC /* Sources */,
				4EDB11A92AD3F24B00F588AC /* Frameworks */,
				4EDB11AA2AD3F24B00F588AC /* Resources */,
			);
			buildRules = (
			);
			dependencies = (
				4EDB11AE2AD3F24B00F588AC /* PBXTargetDependency */,
			);
			name = "Swift-App-Idea-And-Prototyping-With-StoryboardsTests";
			productName = "Swift-App-Idea-And-Prototyping-With-StoryboardsTests";
			productReference = 4EDB11AC2AD3F24B00F588AC /* Swift-App-Idea-And-Prototyping-With-StoryboardsTests.xctest */;
			productType = "com.apple.product-type.bundle.unit-test";
		};
		4EDB11B52AD3F24B00F588AC /* Swift-App-Idea-And-Prototyping-With-StoryboardsUITests */ = {
			isa = PBXNativeTarget;
			buildConfigurationList = 4EDB11C62AD3F24B00F588AC /* Build configuration list for PBXNativeTarget "Swift-App-Idea-And-Prototyping-With-StoryboardsUITests" */;
			buildPhases = (
				4EDB11B22AD3F24B00F588AC /* Sources */,
				4EDB11B32AD3F24B00F588AC /* Frameworks */,
				4EDB11B42AD3F24B00F588AC /* Resources */,
			);
			buildRules = (
			);
			dependencies = (
				4EDB11B82AD3F24B00F588AC /* PBXTargetDependency */,
			);
			name = "Swift-App-Idea-And-Prototyping-With-StoryboardsUITests";
			productName = "Swift-App-Idea-And-Prototyping-With-StoryboardsUITests";
			productReference = 4EDB11B62AD3F24B00F588AC /* Swift-App-Idea-And-Prototyping-With-StoryboardsUITests.xctest */;
			productType = "com.apple.product-type.bundle.ui-testing";
		};
/* End PBXNativeTarget section */

/* Begin PBXProject section */
		4EDB118E2AD3F24A00F588AC /* Project object */ = {
			isa = PBXProject;
			attributes = {
				BuildIndependentTargetsInParallel = 1;
				LastSwiftUpdateCheck = 1500;
				LastUpgradeCheck = 1500;
				TargetAttributes = {
					4EDB11952AD3F24A00F588AC = {
						CreatedOnToolsVersion = 15.0;
					};
					4EDB11AB2AD3F24B00F588AC = {
						CreatedOnToolsVersion = 15.0;
						TestTargetID = 4EDB11952AD3F24A00F588AC;
					};
					4EDB11B52AD3F24B00F588AC = {
						CreatedOnToolsVersion = 15.0;
						TestTargetID = 4EDB11952AD3F24A00F588AC;
					};
				};
			};
			buildConfigurationList = 4EDB11912AD3F24A00F588AC /* Build configuration list for PBXProject "Swift-App-Idea-And-Prototyping-With-Storyboards" */;
			compatibilityVersion = "Xcode 14.0";
			developmentRegion = en;
			hasScannedForEncodings = 0;
			knownRegions = (
				en,
				Base,
			);
			mainGroup = 4EDB118D2AD3F24A00F588AC;
			productRefGroup = 4EDB11972AD3F24A00F588AC /* Products */;
			projectDirPath = "";
			projectRoot = "";
			targets = (
				4EDB11952AD3F24A00F588AC /* Swift-App-Idea-And-Prototyping-With-Storyboards */,
				4EDB11AB2AD3F24B00F588AC /* Swift-App-Idea-And-Prototyping-With-StoryboardsTests */,
				4EDB11B52AD3F24B00F588AC /* Swift-App-Idea-And-Prototyping-With-StoryboardsUITests */,
			);
		};
/* End PBXProject section */

/* Begin PBXResourcesBuildPhase section */
		4EDB11942AD3F24A00F588AC /* Resources */ = {
			isa = PBXResourcesBuildPhase;
			buildActionMask = 2147483647;
			files = (
				4EDB11A62AD3F24B00F588AC /* LaunchScreen.storyboard in Resources */,
				4EDB11A32AD3F24B00F588AC /* Assets.xcassets in Resources */,
				4EDB11A12AD3F24A00F588AC /* Main.storyboard in Resources */,
			);
			runOnlyForDeploymentPostprocessing = 0;
		};
		4EDB11AA2AD3F24B00F588AC /* Resources */ = {
			isa = PBXResourcesBuildPhase;
			buildActionMask = 2147483647;
			files = (
			);
			runOnlyForDeploymentPostprocessing = 0;
		};
		4EDB11B42AD3F24B00F588AC /* Resources */ = {
			isa = PBXResourcesBuildPhase;
			buildActionMask = 2147483647;
			files = (
			);
			runOnlyForDeploymentPostprocessing = 0;
		};
/* End PBXResourcesBuildPhase section */

/* Begin PBXSourcesBuildPhase section */
		4EDB11922AD3F24A00F588AC /* Sources */ = {
			isa = PBXSourcesBuildPhase;
			buildActionMask = 2147483647;
			files = (
				4EDB119E2AD3F24A00F588AC /* ViewController.swift in Sources */,
				4EDB119A2AD3F24A00F588AC /* AppDelegate.swift in Sources */,
				4EDB119C2AD3F24A00F588AC /* SceneDelegate.swift in Sources */,
			);
			runOnlyForDeploymentPostprocessing = 0;
		};
		4EDB11A82AD3F24B00F588AC /* Sources */ = {
			isa = PBXSourcesBuildPhase;
			buildActionMask = 2147483647;
			files = (
				4EDB11B12AD3F24B00F588AC /* Swift_App_Idea_And_Prototyping_With_StoryboardsTests.swift in Sources */,
			);
			runOnlyForDeploymentPostprocessing = 0;
		};
		4EDB11B22AD3F24B00F588AC /* Sources */ = {
			isa = PBXSourcesBuildPhase;
			buildActionMask = 2147483647;
			files = (
				4EDB11BD2AD3F24B00F588AC /* Swift_App_Idea_And_Prototyping_With_StoryboardsUITestsLaunchTests.swift in Sources */,
				4EDB11BB2AD3F24B00F588AC /* Swift_App_Idea_And_Prototyping_With_StoryboardsUITests.swift in Sources */,
			);
			runOnlyForDeploymentPostprocessing = 0;
		};
/* End PBXSourcesBuildPhase section */

/* Begin PBXTargetDependency section */
		4EDB11AE2AD3F24B00F588AC /* PBXTargetDependency */ = {
			isa = PBXTargetDependency;
			target = 4EDB11952AD3F24A00F588AC /* Swift-App-Idea-And-Prototyping-With-Storyboards */;
			targetProxy = 4EDB11AD2AD3F24B00F588AC /* PBXContainerItemProxy */;
		};
		4EDB11B82AD3F24B00F588AC /* PBXTargetDependency */ = {
			isa = PBXTargetDependency;
			target = 4EDB11952AD3F24A00F588AC /* Swift-App-Idea-And-Prototyping-With-Storyboards */;
			targetProxy = 4EDB11B72AD3F24B00F588AC /* PBXContainerItemProxy */;
		};
/* End PBXTargetDependency section */

/* Begin PBXVariantGroup section */
		4EDB119F2AD3F24A00F588AC /* Main.storyboard */ = {
			isa = PBXVariantGroup;
			children = (
				4EDB11A02AD3F24A00F588AC /* Base */,
			);
			name = Main.storyboard;
			sourceTree = "<group>";
		};
		4EDB11A42AD3F24B00F588AC /* LaunchScreen.storyboard */ = {
			isa = PBXVariantGroup;
			children = (
				4EDB11A52AD3F24B00F588AC /* Base */,
			);
			name = LaunchScreen.storyboard;
			sourceTree = "<group>";
		};
/* End PBXVariantGroup section */

/* Begin XCBuildConfiguration section */
		4EDB11BE2AD3F24B00F588AC /* Debug */ = {
			isa = XCBuildConfiguration;
			buildSettings = {
				ALWAYS_SEARCH_USER_PATHS = NO;
				ASSETCATALOG_COMPILER_GENERATE_SWIFT_ASSET_SYMBOL_EXTENSIONS = YES;
				CLANG_ANALYZER_NONNULL = YES;
				CLANG_ANALYZER_NUMBER_OBJECT_CONVERSION = YES_AGGRESSIVE;
				CLANG_CXX_LANGUAGE_STANDARD = "gnu++20";
				CLANG_ENABLE_MODULES = YES;
				CLANG_ENABLE_OBJC_ARC = YES;
				CLANG_ENABLE_OBJC_WEAK = YES;
				CLANG_WARN_BLOCK_CAPTURE_AUTORELEASING = YES;
				CLANG_WARN_BOOL_CONVERSION = YES;
				CLANG_WARN_COMMA = YES;
				CLANG_WARN_CONSTANT_CONVERSION = YES;
				CLANG_WARN_DEPRECATED_OBJC_IMPLEMENTATIONS = YES;
				CLANG_WARN_DIRECT_OBJC_ISA_USAGE = YES_ERROR;
				CLANG_WARN_DOCUMENTATION_COMMENTS = YES;
				CLANG_WARN_EMPTY_BODY = YES;
				CLANG_WARN_ENUM_CONVERSION = YES;
				CLANG_WARN_INFINITE_RECURSION = YES;
				CLANG_WARN_INT_CONVERSION = YES;
				CLANG_WARN_NON_LITERAL_NULL_CONVERSION = YES;
				CLANG_WARN_OBJC_IMPLICIT_RETAIN_SELF = YES;
				CLANG_WARN_OBJC_LITERAL_CONVERSION = YES;
				CLANG_WARN_OBJC_ROOT_CLASS = YES_ERROR;
				CLANG_WARN_QUOTED_INCLUDE_IN_FRAMEWORK_HEADER = YES;
				CLANG_WARN_RANGE_LOOP_ANALYSIS = YES;
				CLANG_WARN_STRICT_PROTOTYPES = YES;
				CLANG_WARN_SUSPICIOUS_MOVE = YES;
				CLANG_WARN_UNGUARDED_AVAILABILITY = YES_AGGRESSIVE;
				CLANG_WARN_UNREACHABLE_CODE = YES;
				CLANG_WARN__DUPLICATE_METHOD_MATCH = YES;
				COPY_PHASE_STRIP = NO;
				DEBUG_INFORMATION_FORMAT = dwarf;
				ENABLE_STRICT_OBJC_MSGSEND = YES;
				ENABLE_TESTABILITY = YES;
				ENABLE_USER_SCRIPT_SANDBOXING = YES;
				GCC_C_LANGUAGE_STANDARD = gnu17;
				GCC_DYNAMIC_NO_PIC = NO;
				GCC_NO_COMMON_BLOCKS = YES;
				GCC_OPTIMIZATION_LEVEL = 0;
				GCC_PREPROCESSOR_DEFINITIONS = (
					"DEBUG=1",
					"$(inherited)",
				);
				GCC_WARN_64_TO_32_BIT_CONVERSION = YES;
				GCC_WARN_ABOUT_RETURN_TYPE = YES_ERROR;
				GCC_WARN_UNDECLARED_SELECTOR = YES;
				GCC_WARN_UNINITIALIZED_AUTOS = YES_AGGRESSIVE;
				GCC_WARN_UNUSED_FUNCTION = YES;
				GCC_WARN_UNUSED_VARIABLE = YES;
				IPHONEOS_DEPLOYMENT_TARGET = 17.0;
				LOCALIZATION_PREFERS_STRING_CATALOGS = YES;
				MTL_ENABLE_DEBUG_INFO = INCLUDE_SOURCE;
				MTL_FAST_MATH = YES;
				ONLY_ACTIVE_ARCH = YES;
				SDKROOT = iphoneos;
				SWIFT_ACTIVE_COMPILATION_CONDITIONS = "DEBUG $(inherited)";
				SWIFT_OPTIMIZATION_LEVEL = "-Onone";
			};
			name = Debug;
		};
		4EDB11BF2AD3F24B00F588AC /* Release */ = {
			isa = XCBuildConfiguration;
			buildSettings = {
				ALWAYS_SEARCH_USER_PATHS = NO;
				ASSETCATALOG_COMPILER_GENERATE_SWIFT_ASSET_SYMBOL_EXTENSIONS = YES;
				CLANG_ANALYZER_NONNULL = YES;
				CLANG_ANALYZER_NUMBER_OBJECT_CONVERSION = YES_AGGRESSIVE;
				CLANG_CXX_LANGUAGE_STANDARD = "gnu++20";
				CLANG_ENABLE_MODULES = YES;
				CLANG_ENABLE_OBJC_ARC = YES;
				CLANG_ENABLE_OBJC_WEAK = YES;
				CLANG_WARN_BLOCK_CAPTURE_AUTORELEASING = YES;
				CLANG_WARN_BOOL_CONVERSION = YES;
				CLANG_WARN_COMMA = YES;
				CLANG_WARN_CONSTANT_CONVERSION = YES;
				CLANG_WARN_DEPRECATED_OBJC_IMPLEMENTATIONS = YES;
				CLANG_WARN_DIRECT_OBJC_ISA_USAGE = YES_ERROR;
				CLANG_WARN_DOCUMENTATION_COMMENTS = YES;
				CLANG_WARN_EMPTY_BODY = YES;
				CLANG_WARN_ENUM_CONVERSION = YES;
				CLANG_WARN_INFINITE_RECURSION = YES;
				CLANG_WARN_INT_CONVERSION = YES;
				CLANG_WARN_NON_LITERAL_NULL_CONVERSION = YES;
				CLANG_WARN_OBJC_IMPLICIT_RETAIN_SELF = YES;
				CLANG_WARN_OBJC_LITERAL_CONVERSION = YES;
				CLANG_WARN_OBJC_ROOT_CLASS = YES_ERROR;
				CLANG_WARN_QUOTED_INCLUDE_IN_FRAMEWORK_HEADER = YES;
				CLANG_WARN_RANGE_LOOP_ANALYSIS = YES;
				CLANG_WARN_STRICT_PROTOTYPES = YES;
				CLANG_WARN_SUSPICIOUS_MOVE = YES;
				CLANG_WARN_UNGUARDED_AVAILABILITY = YES_AGGRESSIVE;
				CLANG_WARN_UNREACHABLE_CODE = YES;
				CLANG_WARN__DUPLICATE_METHOD_MATCH = YES;
				COPY_PHASE_STRIP = NO;
				DEBUG_INFORMATION_FORMAT = "dwarf-with-dsym";
				ENABLE_NS_ASSERTIONS = NO;
				ENABLE_STRICT_OBJC_MSGSEND = YES;
				ENABLE_USER_SCRIPT_SANDBOXING = YES;
				GCC_C_LANGUAGE_STANDARD = gnu17;
				GCC_NO_COMMON_BLOCKS = YES;
				GCC_WARN_64_TO_32_BIT_CONVERSION = YES;
				GCC_WARN_ABOUT_RETURN_TYPE = YES_ERROR;
				GCC_WARN_UNDECLARED_SELECTOR = YES;
				GCC_WARN_UNINITIALIZED_AUTOS = YES_AGGRESSIVE;
				GCC_WARN_UNUSED_FUNCTION = YES;
				GCC_WARN_UNUSED_VARIABLE = YES;
				IPHONEOS_DEPLOYMENT_TARGET = 17.0;
				LOCALIZATION_PREFERS_STRING_CATALOGS = YES;
				MTL_ENABLE_DEBUG_INFO = NO;
				MTL_FAST_MATH = YES;
				SDKROOT = iphoneos;
				SWIFT_COMPILATION_MODE = wholemodule;
				VALIDATE_PRODUCT = YES;
			};
			name = Release;
		};
		4EDB11C12AD3F24B00F588AC /* Debug */ = {
			isa = XCBuildConfiguration;
			buildSettings = {
				ASSETCATALOG_COMPILER_APPICON_NAME = AppIcon;
				ASSETCATALOG_COMPILER_GLOBAL_ACCENT_COLOR_NAME = AccentColor;
				CODE_SIGN_STYLE = Automatic;
				CURRENT_PROJECT_VERSION = 1;
				DEVELOPMENT_TEAM = BT9N2LKBZ4;
				GENERATE_INFOPLIST_FILE = YES;
				INFOPLIST_FILE = "Swift-App-Idea-And-Prototyping-With-Storyboards/Info.plist";
				INFOPLIST_KEY_UIApplicationSupportsIndirectInputEvents = YES;
				INFOPLIST_KEY_UILaunchStoryboardName = LaunchScreen;
				INFOPLIST_KEY_UIMainStoryboardFile = Main;
				INFOPLIST_KEY_UISupportedInterfaceOrientations_iPad = "UIInterfaceOrientationPortrait UIInterfaceOrientationPortraitUpsideDown UIInterfaceOrientationLandscapeLeft UIInterfaceOrientationLandscapeRight";
				INFOPLIST_KEY_UISupportedInterfaceOrientations_iPhone = "UIInterfaceOrientationPortrait UIInterfaceOrientationLandscapeLeft UIInterfaceOrientationLandscapeRight";
				LD_RUNPATH_SEARCH_PATHS = (
					"$(inherited)",
					"@executable_path/Frameworks",
				);
				MARKETING_VERSION = 1.0;
				PRODUCT_BUNDLE_IDENTIFIER = "com.myCompany.testing.Swift-App-Idea-And-Prototyping-With-Storyboards";
				PRODUCT_NAME = "$(TARGET_NAME)";
				SWIFT_EMIT_LOC_STRINGS = YES;
				SWIFT_VERSION = 5.0;
				TARGETED_DEVICE_FAMILY = "1,2";
			};
			name = Debug;
		};
		4EDB11C22AD3F24B00F588AC /* Release */ = {
			isa = XCBuildConfiguration;
			buildSettings = {
				ASSETCATALOG_COMPILER_APPICON_NAME = AppIcon;
				ASSETCATALOG_COMPILER_GLOBAL_ACCENT_COLOR_NAME = AccentColor;
				CODE_SIGN_STYLE = Automatic;
				CURRENT_PROJECT_VERSION = 1;
				DEVELOPMENT_TEAM = BT9N2LKBZ4;
				GENERATE_INFOPLIST_FILE = YES;
				INFOPLIST_FILE = "Swift-App-Idea-And-Prototyping-With-Storyboards/Info.plist";
				INFOPLIST_KEY_UIApplicationSupportsIndirectInputEvents = YES;
				INFOPLIST_KEY_UILaunchStoryboardName = LaunchScreen;
				INFOPLIST_KEY_UIMainStoryboardFile = Main;
				INFOPLIST_KEY_UISupportedInterfaceOrientations_iPad = "UIInterfaceOrientationPortrait UIInterfaceOrientationPortraitUpsideDown UIInterfaceOrientationLandscapeLeft UIInterfaceOrientationLandscapeRight";
				INFOPLIST_KEY_UISupportedInterfaceOrientations_iPhone = "UIInterfaceOrientationPortrait UIInterfaceOrientationLandscapeLeft UIInterfaceOrientationLandscapeRight";
				LD_RUNPATH_SEARCH_PATHS = (
					"$(inherited)",
					"@executable_path/Frameworks",
				);
				MARKETING_VERSION = 1.0;
				PRODUCT_BUNDLE_IDENTIFIER = "com.myCompany.testing.Swift-App-Idea-And-Prototyping-With-Storyboards";
				PRODUCT_NAME = "$(TARGET_NAME)";
				SWIFT_EMIT_LOC_STRINGS = YES;
				SWIFT_VERSION = 5.0;
				TARGETED_DEVICE_FAMILY = "1,2";
			};
			name = Release;
		};
		4EDB11C42AD3F24B00F588AC /* Debug */ = {
			isa = XCBuildConfiguration;
			buildSettings = {
				ALWAYS_EMBED_SWIFT_STANDARD_LIBRARIES = YES;
				BUNDLE_LOADER = "$(TEST_HOST)";
				CODE_SIGN_STYLE = Automatic;
				CURRENT_PROJECT_VERSION = 1;
				DEVELOPMENT_TEAM = BT9N2LKBZ4;
				GENERATE_INFOPLIST_FILE = YES;
				IPHONEOS_DEPLOYMENT_TARGET = 17.0;
				MARKETING_VERSION = 1.0;
				PRODUCT_BUNDLE_IDENTIFIER = "com.myCompany.testing.Swift-App-Idea-And-Prototyping-With-StoryboardsTests";
				PRODUCT_NAME = "$(TARGET_NAME)";
				SWIFT_EMIT_LOC_STRINGS = NO;
				SWIFT_VERSION = 5.0;
				TARGETED_DEVICE_FAMILY = "1,2";
				TEST_HOST = "$(BUILT_PRODUCTS_DIR)/Swift-App-Idea-And-Prototyping-With-Storyboards.app/$(BUNDLE_EXECUTABLE_FOLDER_PATH)/Swift-App-Idea-And-Prototyping-With-Storyboards";
			};
			name = Debug;
		};
		4EDB11C52AD3F24B00F588AC /* Release */ = {
			isa = XCBuildConfiguration;
			buildSettings = {
				ALWAYS_EMBED_SWIFT_STANDARD_LIBRARIES = YES;
				BUNDLE_LOADER = "$(TEST_HOST)";
				CODE_SIGN_STYLE = Automatic;
				CURRENT_PROJECT_VERSION = 1;
				DEVELOPMENT_TEAM = BT9N2LKBZ4;
				GENERATE_INFOPLIST_FILE = YES;
				IPHONEOS_DEPLOYMENT_TARGET = 17.0;
				MARKETING_VERSION = 1.0;
				PRODUCT_BUNDLE_IDENTIFIER = "com.myCompany.testing.Swift-App-Idea-And-Prototyping-With-StoryboardsTests";
				PRODUCT_NAME = "$(TARGET_NAME)";
				SWIFT_EMIT_LOC_STRINGS = NO;
				SWIFT_VERSION = 5.0;
				TARGETED_DEVICE_FAMILY = "1,2";
				TEST_HOST = "$(BUILT_PRODUCTS_DIR)/Swift-App-Idea-And-Prototyping-With-Storyboards.app/$(BUNDLE_EXECUTABLE_FOLDER_PATH)/Swift-App-Idea-And-Prototyping-With-Storyboards";
			};
			name = Release;
		};
		4EDB11C72AD3F24B00F588AC /* Debug */ = {
			isa = XCBuildConfiguration;
			buildSettings = {
				ALWAYS_EMBED_SWIFT_STANDARD_LIBRARIES = YES;
				CODE_SIGN_STYLE = Automatic;
				CURRENT_PROJECT_VERSION = 1;
				DEVELOPMENT_TEAM = BT9N2LKBZ4;
				GENERATE_INFOPLIST_FILE = YES;
				MARKETING_VERSION = 1.0;
				PRODUCT_BUNDLE_IDENTIFIER = "com.myCompany.testing.Swift-App-Idea-And-Prototyping-With-StoryboardsUITests";
				PRODUCT_NAME = "$(TARGET_NAME)";
				SWIFT_EMIT_LOC_STRINGS = NO;
				SWIFT_VERSION = 5.0;
				TARGETED_DEVICE_FAMILY = "1,2";
				TEST_TARGET_NAME = "Swift-App-Idea-And-Prototyping-With-Storyboards";
			};
			name = Debug;
		};
		4EDB11C82AD3F24B00F588AC /* Release */ = {
			isa = XCBuildConfiguration;
			buildSettings = {
				ALWAYS_EMBED_SWIFT_STANDARD_LIBRARIES = YES;
				CODE_SIGN_STYLE = Automatic;
				CURRENT_PROJECT_VERSION = 1;
				DEVELOPMENT_TEAM = BT9N2LKBZ4;
				GENERATE_INFOPLIST_FILE = YES;
				MARKETING_VERSION = 1.0;
				PRODUCT_BUNDLE_IDENTIFIER = "com.myCompany.testing.Swift-App-Idea-And-Prototyping-With-StoryboardsUITests";
				PRODUCT_NAME = "$(TARGET_NAME)";
				SWIFT_EMIT_LOC_STRINGS = NO;
				SWIFT_VERSION = 5.0;
				TARGETED_DEVICE_FAMILY = "1,2";
				TEST_TARGET_NAME = "Swift-App-Idea-And-Prototyping-With-Storyboards";
			};
			name = Release;
		};
/* End XCBuildConfiguration section */

/* Begin XCConfigurationList section */
		4EDB11912AD3F24A00F588AC /* Build configuration list for PBXProject "Swift-App-Idea-And-Prototyping-With-Storyboards" */ = {
			isa = XCConfigurationList;
			buildConfigurations = (
				4EDB11BE2AD3F24B00F588AC /* Debug */,
				4EDB11BF2AD3F24B00F588AC /* Release */,
			);
			defaultConfigurationIsVisible = 0;
			defaultConfigurationName = Release;
		};
		4EDB11C02AD3F24B00F588AC /* Build configuration list for PBXNativeTarget "Swift-App-Idea-And-Prototyping-With-Storyboards" */ = {
			isa = XCConfigurationList;
			buildConfigurations = (
				4EDB11C12AD3F24B00F588AC /* Debug */,
				4EDB11C22AD3F24B00F588AC /* Release */,
			);
			defaultConfigurationIsVisible = 0;
			defaultConfigurationName = Release;
		};
		4EDB11C32AD3F24B00F588AC /* Build configuration list for PBXNativeTarget "Swift-App-Idea-And-Prototyping-With-StoryboardsTests" */ = {
			isa = XCConfigurationList;
			buildConfigurations = (
				4EDB11C42AD3F24B00F588AC /* Debug */,
				4EDB11C52AD3F24B00F588AC /* Release */,
			);
			defaultConfigurationIsVisible = 0;
			defaultConfigurationName = Release;
		};
		4EDB11C62AD3F24B00F588AC /* Build configuration list for PBXNativeTarget "Swift-App-Idea-And-Prototyping-With-StoryboardsUITests" */ = {
			isa = XCConfigurationList;
			buildConfigurations = (
				4EDB11C72AD3F24B00F588AC /* Debug */,
				4EDB11C82AD3F24B00F588AC /* Release */,
			);
			defaultConfigurationIsVisible = 0;
			defaultConfigurationName = Release;
		};
/* End XCConfigurationList section */
	};
	rootObject = 4EDB118E2AD3F24A00F588AC /* Project object */;
}
